// !$*UTF8*$!
{
	archiveVersion = 1;
	classes = {
	};
	objectVersion = 48;
	objects = {

/* Begin PBXBuildFile section */
		93CEA05B2002A1F600C76927 /* AppDelegate.swift in Sources */ = {isa = PBXBuildFile; fileRef = 93CEA05A2002A1F600C76927 /* AppDelegate.swift */; };
		93CEA05D2002A1F600C76927 /* ViewController.swift in Sources */ = {isa = PBXBuildFile; fileRef = 93CEA05C2002A1F600C76927 /* ViewController.swift */; };
		93CEA0602002A1F600C76927 /* Main.storyboard in Resources */ = {isa = PBXBuildFile; fileRef = 93CEA05E2002A1F600C76927 /* Main.storyboard */; };
		93CEA0632002A1F600C76927 /* TravelTracker.xcdatamodeld in Sources */ = {isa = PBXBuildFile; fileRef = 93CEA0612002A1F600C76927 /* TravelTracker.xcdatamodeld */; };
		93CEA0652002A1F600C76927 /* Assets.xcassets in Resources */ = {isa = PBXBuildFile; fileRef = 93CEA0642002A1F600C76927 /* Assets.xcassets */; };
		93CEA0682002A1F600C76927 /* LaunchScreen.storyboard in Resources */ = {isa = PBXBuildFile; fileRef = 93CEA0662002A1F600C76927 /* LaunchScreen.storyboard */; };
		93CEA0732002A1F600C76927 /* TravelTrackerUITests.swift in Sources */ = {isa = PBXBuildFile; fileRef = 93CEA0722002A1F600C76927 /* TravelTrackerUITests.swift */; };
/* End PBXBuildFile section */

/* Begin PBXContainerItemProxy section */
		93CEA06F2002A1F600C76927 /* PBXContainerItemProxy */ = {
			isa = PBXContainerItemProxy;
			containerPortal = 93CEA04F2002A1F600C76927 /* Project object */;
			proxyType = 1;
			remoteGlobalIDString = 93CEA0562002A1F600C76927;
			remoteInfo = TravelTracker;
		};
/* End PBXContainerItemProxy section */

/* Begin PBXFileReference section */
		93CEA0572002A1F600C76927 /* TravelTracker.app */ = {isa = PBXFileReference; explicitFileType = wrapper.application; includeInIndex = 0; path = TravelTracker.app; sourceTree = BUILT_PRODUCTS_DIR; };
		93CEA05A2002A1F600C76927 /* AppDelegate.swift */ = {isa = PBXFileReference; lastKnownFileType = sourcecode.swift; path = AppDelegate.swift; sourceTree = "<group>"; };
		93CEA05C2002A1F600C76927 /* ViewController.swift */ = {isa = PBXFileReference; lastKnownFileType = sourcecode.swift; path = ViewController.swift; sourceTree = "<group>"; };
		93CEA05F2002A1F600C76927 /* Base */ = {isa = PBXFileReference; lastKnownFileType = file.storyboard; name = Base; path = Base.lproj/Main.storyboard; sourceTree = "<group>"; };
		93CEA0622002A1F600C76927 /* TravelTracker.xcdatamodel */ = {isa = PBXFileReference; lastKnownFileType = wrapper.xcdatamodel; path = TravelTracker.xcdatamodel; sourceTree = "<group>"; };
		93CEA0642002A1F600C76927 /* Assets.xcassets */ = {isa = PBXFileReference; lastKnownFileType = folder.assetcatalog; path = Assets.xcassets; sourceTree = "<group>"; };
		93CEA0672002A1F600C76927 /* Base */ = {isa = PBXFileReference; lastKnownFileType = file.storyboard; name = Base; path = Base.lproj/LaunchScreen.storyboard; sourceTree = "<group>"; };
		93CEA0692002A1F600C76927 /* Info.plist */ = {isa = PBXFileReference; lastKnownFileType = text.plist.xml; path = Info.plist; sourceTree = "<group>"; };
		93CEA06E2002A1F600C76927 /* TravelTrackerUITests.xctest */ = {isa = PBXFileReference; explicitFileType = wrapper.cfbundle; includeInIndex = 0; path = TravelTrackerUITests.xctest; sourceTree = BUILT_PRODUCTS_DIR; };
		93CEA0722002A1F600C76927 /* TravelTrackerUITests.swift */ = {isa = PBXFileReference; lastKnownFileType = sourcecode.swift; path = TravelTrackerUITests.swift; sourceTree = "<group>"; };
		93CEA0742002A1F600C76927 /* Info.plist */ = {isa = PBXFileReference; lastKnownFileType = text.plist.xml; path = Info.plist; sourceTree = "<group>"; };
/* End PBXFileReference section */

/* Begin PBXFrameworksBuildPhase section */
		93CEA0542002A1F600C76927 /* Frameworks */ = {
			isa = PBXFrameworksBuildPhase;
			buildActionMask = 2147483647;
			files = (
			);
			runOnlyForDeploymentPostprocessing = 0;
		};
		93CEA06B2002A1F600C76927 /* Frameworks */ = {
			isa = PBXFrameworksBuildPhase;
			buildActionMask = 2147483647;
			files = (
			);
			runOnlyForDeploymentPostprocessing = 0;
		};
/* End PBXFrameworksBuildPhase section */

/* Begin PBXGroup section */
		93CEA04E2002A1F600C76927 = {
			isa = PBXGroup;
			children = (
				93CEA0592002A1F600C76927 /* TravelTracker */,
				93CEA0712002A1F600C76927 /* TravelTrackerUITests */,
				93CEA0582002A1F600C76927 /* Products */,
			);
			sourceTree = "<group>";
		};
		93CEA0582002A1F600C76927 /* Products */ = {
			isa = PBXGroup;
			children = (
				93CEA0572002A1F600C76927 /* TravelTracker.app */,
				93CEA06E2002A1F600C76927 /* TravelTrackerUITests.xctest */,
			);
			name = Products;
			sourceTree = "<group>";
		};
		93CEA0592002A1F600C76927 /* TravelTracker */ = {
			isa = PBXGroup;
			children = (
				93CEA05A2002A1F600C76927 /* AppDelegate.swift */,
				93CEA05C2002A1F600C76927 /* ViewController.swift */,
				93CEA05E2002A1F600C76927 /* Main.storyboard */,
				93CEA0642002A1F600C76927 /* Assets.xcassets */,
				93CEA0662002A1F600C76927 /* LaunchScreen.storyboard */,
				93CEA0692002A1F600C76927 /* Info.plist */,
				93CEA0612002A1F600C76927 /* TravelTracker.xcdatamodeld */,
			);
			path = TravelTracker;
			sourceTree = "<group>";
		};
		93CEA0712002A1F600C76927 /* TravelTrackerUITests */ = {
			isa = PBXGroup;
			children = (
				93CEA0722002A1F600C76927 /* TravelTrackerUITests.swift */,
				93CEA0742002A1F600C76927 /* Info.plist */,
			);
			path = TravelTrackerUITests;
			sourceTree = "<group>";
		};
/* End PBXGroup section */

/* Begin PBXNativeTarget section */
		93CEA0562002A1F600C76927 /* TravelTracker */ = {
			isa = PBXNativeTarget;
			buildConfigurationList = 93CEA0772002A1F600C76927 /* Build configuration list for PBXNativeTarget "TravelTracker" */;
			buildPhases = (
				93CEA0532002A1F600C76927 /* Sources */,
				93CEA0542002A1F600C76927 /* Frameworks */,
				93CEA0552002A1F600C76927 /* Resources */,
			);
			buildRules = (
			);
			dependencies = (
			);
			name = TravelTracker;
			productName = TravelTracker;
			productReference = 93CEA0572002A1F600C76927 /* TravelTracker.app */;
			productType = "com.apple.product-type.application";
		};
		93CEA06D2002A1F600C76927 /* TravelTrackerUITests */ = {
			isa = PBXNativeTarget;
			buildConfigurationList = 93CEA07A2002A1F600C76927 /* Build configuration list for PBXNativeTarget "TravelTrackerUITests" */;
			buildPhases = (
				93CEA06A2002A1F600C76927 /* Sources */,
				93CEA06B2002A1F600C76927 /* Frameworks */,
				93CEA06C2002A1F600C76927 /* Resources */,
			);
			buildRules = (
			);
			dependencies = (
				93CEA0702002A1F600C76927 /* PBXTargetDependency */,
			);
			name = TravelTrackerUITests;
			productName = TravelTrackerUITests;
			productReference = 93CEA06E2002A1F600C76927 /* TravelTrackerUITests.xctest */;
			productType = "com.apple.product-type.bundle.ui-testing";
		};
/* End PBXNativeTarget section */

/* Begin PBXProject section */
		93CEA04F2002A1F600C76927 /* Project object */ = {
			isa = PBXProject;
			attributes = {
				LastSwiftUpdateCheck = 0900;
				LastUpgradeCheck = 0900;
				ORGANIZATIONNAME = Abhisek;
				TargetAttributes = {
					93CEA0562002A1F600C76927 = {
						CreatedOnToolsVersion = 9.0.1;
						ProvisioningStyle = Automatic;
					};
					93CEA06D2002A1F600C76927 = {
						CreatedOnToolsVersion = 9.0.1;
						ProvisioningStyle = Automatic;
						TestTargetID = 93CEA0562002A1F600C76927;
					};
				};
			};
			buildConfigurationList = 93CEA0522002A1F600C76927 /* Build configuration list for PBXProject "TravelTracker" */;
			compatibilityVersion = "Xcode 8.0";
			developmentRegion = en;
			hasScannedForEncodings = 0;
			knownRegions = (
				en,
				Base,
			);
			mainGroup = 93CEA04E2002A1F600C76927;
			productRefGroup = 93CEA0582002A1F600C76927 /* Products */;
			projectDirPath = "";
			projectRoot = "";
			targets = (
				93CEA0562002A1F600C76927 /* TravelTracker */,
				93CEA06D2002A1F600C76927 /* TravelTrackerUITests */,
			);
		};
/* End PBXProject section */

/* Begin PBXResourcesBuildPhase section */
		93CEA0552002A1F600C76927 /* Resources */ = {
			isa = PBXResourcesBuildPhase;
			buildActionMask = 2147483647;
			files = (
				93CEA0682002A1F600C76927 /* LaunchScreen.storyboard in Resources */,
				93CEA0652002A1F600C76927 /* Assets.xcassets in Resources */,
				93CEA0602002A1F600C76927 /* Main.storyboard in Resources */,
			);
			runOnlyForDeploymentPostprocessing = 0;
		};
		93CEA06C2002A1F600C76927 /* Resources */ = {
			isa = PBXResourcesBuildPhase;
			buildActionMask = 2147483647;
			files = (
			);
			runOnlyForDeploymentPostprocessing = 0;
		};
/* End PBXResourcesBuildPhase section */

/* Begin PBXSourcesBuildPhase section */
		93CEA0532002A1F600C76927 /* Sources */ = {
			isa = PBXSourcesBuildPhase;
			buildActionMask = 2147483647;
			files = (
				93CEA05D2002A1F600C76927 /* ViewController.swift in Sources */,
				93CEA05B2002A1F600C76927 /* AppDelegate.swift in Sources */,
				93CEA0632002A1F600C76927 /* TravelTracker.xcdatamodeld in Sources */,
			);
			runOnlyForDeploymentPostprocessing = 0;
		};
		93CEA06A2002A1F600C76927 /* Sources */ = {
			isa = PBXSourcesBuildPhase;
			buildActionMask = 2147483647;
			files = (
				93CEA0732002A1F600C76927 /* TravelTrackerUITests.swift in Sources */,
			);
			runOnlyForDeploymentPostprocessing = 0;
		};
/* End PBXSourcesBuildPhase section */

/* Begin PBXTargetDependency section */
		93CEA0702002A1F600C76927 /* PBXTargetDependency */ = {
			isa = PBXTargetDependency;
			target = 93CEA0562002A1F600C76927 /* TravelTracker */;
			targetProxy = 93CEA06F2002A1F600C76927 /* PBXContainerItemProxy */;
		};
/* End PBXTargetDependency section */

/* Begin PBXVariantGroup section */
		93CEA05E2002A1F600C76927 /* Main.storyboard */ = {
			isa = PBXVariantGroup;
			children = (
				93CEA05F2002A1F600C76927 /* Base */,
			);
			name = Main.storyboard;
			sourceTree = "<group>";
		};
		93CEA0662002A1F600C76927 /* LaunchScreen.storyboard */ = {
			isa = PBXVariantGroup;
			children = (
				93CEA0672002A1F600C76927 /* Base */,
			);
			name = LaunchScreen.storyboard;
			sourceTree = "<group>";
		};
/* End PBXVariantGroup section */

/* Begin XCBuildConfiguration section */
		93CEA0752002A1F600C76927 /* Debug */ = {
			isa = XCBuildConfiguration;
			buildSettings = {
				ALWAYS_SEARCH_USER_PATHS = NO;
				CLANG_ANALYZER_NONNULL = YES;
				CLANG_ANALYZER_NUMBER_OBJECT_CONVERSION = YES_AGGRESSIVE;
				CLANG_CXX_LANGUAGE_STANDARD = "gnu++14";
				CLANG_CXX_LIBRARY = "libc++";
				CLANG_ENABLE_MODULES = YES;
				CLANG_ENABLE_OBJC_ARC = YES;
				CLANG_WARN_BLOCK_CAPTURE_AUTORELEASING = YES;
				CLANG_WARN_BOOL_CONVERSION = YES;
				CLANG_WARN_COMMA = YES;
				CLANG_WARN_CONSTANT_CONVERSION = YES;
				CLANG_WARN_DIRECT_OBJC_ISA_USAGE = YES_ERROR;
				CLANG_WARN_DOCUMENTATION_COMMENTS = YES;
				CLANG_WARN_EMPTY_BODY = YES;
				CLANG_WARN_ENUM_CONVERSION = YES;
				CLANG_WARN_INFINITE_RECURSION = YES;
				CLANG_WARN_INT_CONVERSION = YES;
				CLANG_WARN_NON_LITERAL_NULL_CONVERSION = YES;
				CLANG_WARN_OBJC_LITERAL_CONVERSION = YES;
				CLANG_WARN_OBJC_ROOT_CLASS = YES_ERROR;
				CLANG_WARN_RANGE_LOOP_ANALYSIS = YES;
				CLANG_WARN_STRICT_PROTOTYPES = YES;
				CLANG_WARN_SUSPICIOUS_MOVE = YES;
				CLANG_WARN_UNGUARDED_AVAILABILITY = YES_AGGRESSIVE;
				CLANG_WARN_UNREACHABLE_CODE = YES;
				CLANG_WARN__DUPLICATE_METHOD_MATCH = YES;
				CODE_SIGN_IDENTITY = "iPhone Developer";
				COPY_PHASE_STRIP = NO;
				DEBUG_INFORMATION_FORMAT = dwarf;
				ENABLE_STRICT_OBJC_MSGSEND = YES;
				ENABLE_TESTABILITY = YES;
				GCC_C_LANGUAGE_STANDARD = gnu11;
				GCC_DYNAMIC_NO_PIC = NO;
				GCC_NO_COMMON_BLOCKS = YES;
				GCC_OPTIMIZATION_LEVEL = 0;
				GCC_PREPROCESSOR_DEFINITIONS = (
					"DEBUG=1",
					"$(inherited)",
				);
				GCC_WARN_64_TO_32_BIT_CONVERSION = YES;
				GCC_WARN_ABOUT_RETURN_TYPE = YES_ERROR;
				GCC_WARN_UNDECLARED_SELECTOR = YES;
				GCC_WARN_UNINITIALIZED_AUTOS = YES_AGGRESSIVE;
				GCC_WARN_UNUSED_FUNCTION = YES;
				GCC_WARN_UNUSED_VARIABLE = YES;
				IPHONEOS_DEPLOYMENT_TARGET = 11.0;
				MTL_ENABLE_DEBUG_INFO = YES;
				ONLY_ACTIVE_ARCH = YES;
				SDKROOT = iphoneos;
				SWIFT_ACTIVE_COMPILATION_CONDITIONS = DEBUG;
				SWIFT_OPTIMIZATION_LEVEL = "-Onone";
			};
			name = Debug;
		};
		93CEA0762002A1F600C76927 /* Release */ = {
			isa = XCBuildConfiguration;
			buildSettings = {
				ALWAYS_SEARCH_USER_PATHS = NO;
				CLANG_ANALYZER_NONNULL = YES;
				CLANG_ANALYZER_NUMBER_OBJECT_CONVERSION = YES_AGGRESSIVE;
				CLANG_CXX_LANGUAGE_STANDARD = "gnu++14";
				CLANG_CXX_LIBRARY = "libc++";
				CLANG_ENABLE_MODULES = YES;
				CLANG_ENABLE_OBJC_ARC = YES;
				CLANG_WARN_BLOCK_CAPTURE_AUTORELEASING = YES;
				CLANG_WARN_BOOL_CONVERSION = YES;
				CLANG_WARN_COMMA = YES;
				CLANG_WARN_CONSTANT_CONVERSION = YES;
				CLANG_WARN_DIRECT_OBJC_ISA_USAGE = YES_ERROR;
				CLANG_WARN_DOCUMENTATION_COMMENTS = YES;
				CLANG_WARN_EMPTY_BODY = YES;
				CLANG_WARN_ENUM_CONVERSION = YES;
				CLANG_WARN_INFINITE_RECURSION = YES;
				CLANG_WARN_INT_CONVERSION = YES;
				CLANG_WARN_NON_LITERAL_NULL_CONVERSION = YES;
				CLANG_WARN_OBJC_LITERAL_CONVERSION = YES;
				CLANG_WARN_OBJC_ROOT_CLASS = YES_ERROR;
				CLANG_WARN_RANGE_LOOP_ANALYSIS = YES;
				CLANG_WARN_STRICT_PROTOTYPES = YES;
				CLANG_WARN_SUSPICIOUS_MOVE = YES;
				CLANG_WARN_UNGUARDED_AVAILABILITY = YES_AGGRESSIVE;
				CLANG_WARN_UNREACHABLE_CODE = YES;
				CLANG_WARN__DUPLICATE_METHOD_MATCH = YES;
				CODE_SIGN_IDENTITY = "iPhone Developer";
				COPY_PHASE_STRIP = NO;
				DEBUG_INFORMATION_FORMAT = "dwarf-with-dsym";
				ENABLE_NS_ASSERTIONS = NO;
				ENABLE_STRICT_OBJC_MSGSEND = YES;
				GCC_C_LANGUAGE_STANDARD = gnu11;
				GCC_NO_COMMON_BLOCKS = YES;
				GCC_WARN_64_TO_32_BIT_CONVERSION = YES;
				GCC_WARN_ABOUT_RETURN_TYPE = YES_ERROR;
				GCC_WARN_UNDECLARED_SELECTOR = YES;
				GCC_WARN_UNINITIALIZED_AUTOS = YES_AGGRESSIVE;
				GCC_WARN_UNUSED_FUNCTION = YES;
				GCC_WARN_UNUSED_VARIABLE = YES;
				IPHONEOS_DEPLOYMENT_TARGET = 11.0;
				MTL_ENABLE_DEBUG_INFO = NO;
				SDKROOT = iphoneos;
				SWIFT_OPTIMIZATION_LEVEL = "-Owholemodule";
				VALIDATE_PRODUCT = YES;
			};
			name = Release;
		};
		93CEA0782002A1F600C76927 /* Debug */ = {
			isa = XCBuildConfiguration;
			buildSettings = {
				ASSETCATALOG_COMPILER_APPICON_NAME = AppIcon;
				CODE_SIGN_STYLE = Automatic;
				DEVELOPMENT_TEAM = 63NQ2DGQ38;
				INFOPLIST_FILE = TravelTracker/Info.plist;
				LD_RUNPATH_SEARCH_PATHS = "$(inherited) @executable_path/Frameworks";
				PRODUCT_BUNDLE_IDENTIFIER = com.abhisek.TravelTracker;
				PRODUCT_NAME = "$(TARGET_NAME)";
				SWIFT_VERSION = 4.0;
				TARGETED_DEVICE_FAMILY = "1,2";
			};
			name = Debug;
		};
		93CEA0792002A1F600C76927 /* Release */ = {
			isa = XCBuildConfiguration;
			buildSettings = {
				ASSETCATALOG_COMPILER_APPICON_NAME = AppIcon;
				CODE_SIGN_STYLE = Automatic;
				DEVELOPMENT_TEAM = 63NQ2DGQ38;
				INFOPLIST_FILE = TravelTracker/Info.plist;
				LD_RUNPATH_SEARCH_PATHS = "$(inherited) @executable_path/Frameworks";
				PRODUCT_BUNDLE_IDENTIFIER = com.abhisek.TravelTracker;
				PRODUCT_NAME = "$(TARGET_NAME)";
				SWIFT_VERSION = 4.0;
				TARGETED_DEVICE_FAMILY = "1,2";
			};
			name = Release;
		};
		93CEA07B2002A1F600C76927 /* Debug */ = {
			isa = XCBuildConfiguration;
			buildSettings = {
				ALWAYS_EMBED_SWIFT_STANDARD_LIBRARIES = YES;
				CODE_SIGN_STYLE = Automatic;
				DEVELOPMENT_TEAM = 63NQ2DGQ38;
				INFOPLIST_FILE = TravelTrackerUITests/Info.plist;
				LD_RUNPATH_SEARCH_PATHS = "$(inherited) @executable_path/Frameworks @loader_path/Frameworks";
				PRODUCT_BUNDLE_IDENTIFIER = com.abhisek.TravelTrackerUITests;
				PRODUCT_NAME = "$(TARGET_NAME)";
				SWIFT_VERSION = 4.0;
				TARGETED_DEVICE_FAMILY = "1,2";
				TEST_TARGET_NAME = TravelTracker;
			};
			name = Debug;
		};
		93CEA07C2002A1F600C76927 /* Release */ = {
			isa = XCBuildConfiguration;
			buildSettings = {
				ALWAYS_EMBED_SWIFT_STANDARD_LIBRARIES = YES;
				CODE_SIGN_STYLE = Automatic;
				DEVELOPMENT_TEAM = 63NQ2DGQ38;
				INFOPLIST_FILE = TravelTrackerUITests/Info.plist;
				LD_RUNPATH_SEARCH_PATHS = "$(inherited) @executable_path/Frameworks @loader_path/Frameworks";
				PRODUCT_BUNDLE_IDENTIFIER = com.abhisek.TravelTrackerUITests;
				PRODUCT_NAME = "$(TARGET_NAME)";
				SWIFT_VERSION = 4.0;
				TARGETED_DEVICE_FAMILY = "1,2";
				TEST_TARGET_NAME = TravelTracker;
			};
			name = Release;
		};
/* End XCBuildConfiguration section */

/* Begin XCConfigurationList section */
		93CEA0522002A1F600C76927 /* Build configuration list for PBXProject "TravelTracker" */ = {
			isa = XCConfigurationList;
			buildConfigurations = (
				93CEA0752002A1F600C76927 /* Debug */,
				93CEA0762002A1F600C76927 /* Release */,
			);
			defaultConfigurationIsVisible = 0;
			defaultConfigurationName = Release;
		};
		93CEA0772002A1F600C76927 /* Build configuration list for PBXNativeTarget "TravelTracker" */ = {
			isa = XCConfigurationList;
			buildConfigurations = (
				93CEA0782002A1F600C76927 /* Debug */,
				93CEA0792002A1F600C76927 /* Release */,
			);
			defaultConfigurationIsVisible = 0;
			defaultConfigurationName = Release;
		};
		93CEA07A2002A1F600C76927 /* Build configuration list for PBXNativeTarget "TravelTrackerUITests" */ = {
			isa = XCConfigurationList;
			buildConfigurations = (
				93CEA07B2002A1F600C76927 /* Debug */,
				93CEA07C2002A1F600C76927 /* Release */,
			);
			defaultConfigurationIsVisible = 0;
			defaultConfigurationName = Release;
		};
/* End XCConfigurationList section */

/* Begin XCVersionGroup section */
		93CEA0612002A1F600C76927 /* TravelTracker.xcdatamodeld */ = {
			isa = XCVersionGroup;
			children = (
				93CEA0622002A1F600C76927 /* TravelTracker.xcdatamodel */,
			);
			currentVersion = 93CEA0622002A1F600C76927 /* TravelTracker.xcdatamodel */;
			path = TravelTracker.xcdatamodeld;
			sourceTree = "<group>";
			versionGroupType = wrapper.xcdatamodel;
		};
/* End XCVersionGroup section */
	};
	rootObject = 93CEA04F2002A1F600C76927 /* Project object */;
}
